[[package]]
name = "git-relative-status"
version = "0.1.0"
dependencies = [
 "pathdiff 0.1.0 (registry+https://github.com/rust-lang/crates.io-index)",
]

[[package]]
name = "pathdiff"
version = "0.1.0"
source = "registry+https://github.com/rust-lang/crates.io-index"

[metadata]
"checksum pathdiff 0.1.0 (registry+https://github.com/rust-lang/crates.io-index)" = "a3bf70094d203e07844da868b634207e71bfab254fe713171fae9a6e751ccf31"
